
Microsoft Visual Studio Solution File, Format Version 12.00
# Visual Studio 15
VisualStudioVersion = 15.0.28010.2016
MinimumVisualStudioVersion = 10.0.40219.1
Project("{FAE04EC0-301F-11D3-BF4B-00C04F79EFBC}") = "WebApiTest", "WebApiTest\WebApiTest.csproj", "{7C421CCF-696A-4167-B4E8-2211E00B4FDF}"
EndProject
Global
	GlobalSection(SolutionConfigurationPlatforms) = preSolution
		Debug|Any CPU = Debug|Any CPU
		Release|Any CPU = Release|Any CPU
	EndGlobalSection
	GlobalSection(ProjectConfigurationPlatforms) = postSolution
		{7C421CCF-696A-4167-B4E8-2211E00B4FDF}.Debug|Any CPU.ActiveCfg = Debug|Any CPU
		{7C421CCF-696A-4167-B4E8-2211E00B4FDF}.Debug|Any CPU.Build.0 = Debug|Any CPU
		{7C421CCF-696A-4167-B4E8-2211E00B4FDF}.Release|Any CPU.ActiveCfg = Release|Any CPU
		{7C421CCF-696A-4167-B4E8-2211E00B4FDF}.Release|Any CPU.Build.0 = Release|Any CPU
	EndGlobalSection
	GlobalSection(SolutionProperties) = preSolution
		HideSolutionNode = FALSE
	EndGlobalSection
	GlobalSection(ExtensibilityGlobals) = postSolution
		SolutionGuid = {534A4A02-E540-4520-A716-4F57CCD8CBCF}
	EndGlobalSection
EndGlobal
